
Microsoft Visual Studio Solution File, Format Version 12.00
# Visual Studio Version 16
VisualStudioVersion = 16.0.31402.337
MinimumVisualStudioVersion = 10.0.40219.1
Project("{888888A0-9F3D-457C-B088-3A5042F75D52}") = "minesweeper", "minesweeper\minesweeper.pyproj", "{C953C381-C979-4834-BB6F-BA5390CAEE44}"
EndProject
Global
	GlobalSection(SolutionConfigurationPlatforms) = preSolution
		Debug|Any CPU = Debug|Any CPU
		Release|Any CPU = Release|Any CPU
	EndGlobalSection
	GlobalSection(ProjectConfigurationPlatforms) = postSolution
		{C953C381-C979-4834-BB6F-BA5390CAEE44}.Debug|Any CPU.ActiveCfg = Debug|Any CPU
		{C953C381-C979-4834-BB6F-BA5390CAEE44}.Release|Any CPU.ActiveCfg = Release|Any CPU
	EndGlobalSection
	GlobalSection(SolutionProperties) = preSolution
		HideSolutionNode = FALSE
	EndGlobalSection
	GlobalSection(ExtensibilityGlobals) = postSolution
		SolutionGuid = {2AA2919A-F609-423B-8D2C-27171AE07E6C}
	EndGlobalSection
EndGlobal
